
Microsoft Visual Studio Solution File, Format Version 12.00
# Visual Studio Version 16
VisualStudioVersion = 16.0.29509.3
MinimumVisualStudioVersion = 10.0.40219.1
Project("{FAE04EC0-301F-11D3-BF4B-00C04F79EFBC}") = "BlazorDemo", "BlazorDemo\BlazorDemo.csproj", "{ED60E4D8-119E-45A0-BCED-1ECBDD1BD440}"
EndProject
Global
	GlobalSection(SolutionConfigurationPlatforms) = preSolution
		Debug|Any CPU = Debug|Any CPU
		Release|Any CPU = Release|Any CPU
	EndGlobalSection
	GlobalSection(ProjectConfigurationPlatforms) = postSolution
		{ED60E4D8-119E-45A0-BCED-1ECBDD1BD440}.Debug|Any CPU.ActiveCfg = Debug|Any CPU
		{ED60E4D8-119E-45A0-BCED-1ECBDD1BD440}.Debug|Any CPU.Build.0 = Debug|Any CPU
		{ED60E4D8-119E-45A0-BCED-1ECBDD1BD440}.Release|Any CPU.ActiveCfg = Release|Any CPU
		{ED60E4D8-119E-45A0-BCED-1ECBDD1BD440}.Release|Any CPU.Build.0 = Release|Any CPU
	EndGlobalSection
	GlobalSection(SolutionProperties) = preSolution
		HideSolutionNode = FALSE
	EndGlobalSection
	GlobalSection(ExtensibilityGlobals) = postSolution
		SolutionGuid = {01B19FDB-45CD-4F12-8871-A4B731E6C2AA}
	EndGlobalSection
EndGlobal
